// !$*UTF8*$!
{
	archiveVersion = 1;
	classes = {
	};
	objectVersion = 56;
	objects = {

/* Begin PBXBuildFile section */
		65192FF52B66A20700814C89 /* FavoriteButton.swift in Sources */ = {isa = PBXBuildFile; fileRef = 65192FF42B66A20700814C89 /* FavoriteButton.swift */; };
		6575BDA62B6660C500BF0C0D /* LandmarksApp.swift in Sources */ = {isa = PBXBuildFile; fileRef = 6575BDA52B6660C500BF0C0D /* LandmarksApp.swift */; };
		6575BDA82B6660C500BF0C0D /* ContentView.swift in Sources */ = {isa = PBXBuildFile; fileRef = 6575BDA72B6660C500BF0C0D /* ContentView.swift */; };
		6575BDAA2B6660C700BF0C0D /* Assets.xcassets in Resources */ = {isa = PBXBuildFile; fileRef = 6575BDA92B6660C700BF0C0D /* Assets.xcassets */; };
		6575BDAD2B6660C700BF0C0D /* Preview Assets.xcassets in Resources */ = {isa = PBXBuildFile; fileRef = 6575BDAC2B6660C700BF0C0D /* Preview Assets.xcassets */; };
		6575BDB72B6660C700BF0C0D /* LandmarksTests.swift in Sources */ = {isa = PBXBuildFile; fileRef = 6575BDB62B6660C700BF0C0D /* LandmarksTests.swift */; };
		6575BDC12B6660C700BF0C0D /* LandmarksUITests.swift in Sources */ = {isa = PBXBuildFile; fileRef = 6575BDC02B6660C700BF0C0D /* LandmarksUITests.swift */; };
		6575BDC32B6660C700BF0C0D /* LandmarksUITestsLaunchTests.swift in Sources */ = {isa = PBXBuildFile; fileRef = 6575BDC22B6660C700BF0C0D /* LandmarksUITestsLaunchTests.swift */; };
		6575BDD02B6667DE00BF0C0D /* CircleImage.swift in Sources */ = {isa = PBXBuildFile; fileRef = 6575BDCF2B6667DE00BF0C0D /* CircleImage.swift */; };
		6575BDD22B6668C600BF0C0D /* MapView.swift in Sources */ = {isa = PBXBuildFile; fileRef = 6575BDD12B6668C600BF0C0D /* MapView.swift */; };
		6575BDD42B6672E200BF0C0D /* Landmark.swift in Sources */ = {isa = PBXBuildFile; fileRef = 6575BDD32B6672E200BF0C0D /* Landmark.swift */; };
		6575BDD62B6673BC00BF0C0D /* landmarkData.json in Resources */ = {isa = PBXBuildFile; fileRef = 6575BDD52B6673BC00BF0C0D /* landmarkData.json */; };
		6575BDD82B66756300BF0C0D /* ModelData.swift in Sources */ = {isa = PBXBuildFile; fileRef = 6575BDD72B66756300BF0C0D /* ModelData.swift */; };
		6575BDDE2B66777700BF0C0D /* LandmarkRow.swift in Sources */ = {isa = PBXBuildFile; fileRef = 6575BDDD2B66777700BF0C0D /* LandmarkRow.swift */; };
		6575BDE02B66796500BF0C0D /* LandmarkList.swift in Sources */ = {isa = PBXBuildFile; fileRef = 6575BDDF2B66796500BF0C0D /* LandmarkList.swift */; };
		6575BDE22B667AE700BF0C0D /* LandmarkDetail.swift in Sources */ = {isa = PBXBuildFile; fileRef = 6575BDE12B667AE700BF0C0D /* LandmarkDetail.swift */; };
/* End PBXBuildFile section */

/* Begin PBXContainerItemProxy section */
		6575BDB32B6660C700BF0C0D /* PBXContainerItemProxy */ = {
			isa = PBXContainerItemProxy;
			containerPortal = 6575BD9A2B6660C500BF0C0D /* Project object */;
			proxyType = 1;
			remoteGlobalIDString = 6575BDA12B6660C500BF0C0D;
			remoteInfo = Landmarks;
		};
		6575BDBD2B6660C700BF0C0D /* PBXContainerItemProxy */ = {
			isa = PBXContainerItemProxy;
			containerPortal = 6575BD9A2B6660C500BF0C0D /* Project object */;
			proxyType = 1;
			remoteGlobalIDString = 6575BDA12B6660C500BF0C0D;
			remoteInfo = Landmarks;
		};
/* End PBXContainerItemProxy section */

/* Begin PBXFileReference section */
		65192FF42B66A20700814C89 /* FavoriteButton.swift */ = {isa = PBXFileReference; lastKnownFileType = sourcecode.swift; path = FavoriteButton.swift; sourceTree = "<group>"; };
		6575BDA22B6660C500BF0C0D /* Landmarks.app */ = {isa = PBXFileReference; explicitFileType = wrapper.application; includeInIndex = 0; path = Landmarks.app; sourceTree = BUILT_PRODUCTS_DIR; };
		6575BDA52B6660C500BF0C0D /* LandmarksApp.swift */ = {isa = PBXFileReference; lastKnownFileType = sourcecode.swift; path = LandmarksApp.swift; sourceTree = "<group>"; };
		6575BDA72B6660C500BF0C0D /* ContentView.swift */ = {isa = PBXFileReference; lastKnownFileType = sourcecode.swift; path = ContentView.swift; sourceTree = "<group>"; };
		6575BDA92B6660C700BF0C0D /* Assets.xcassets */ = {isa = PBXFileReference; lastKnownFileType = folder.assetcatalog; path = Assets.xcassets; sourceTree = "<group>"; };
		6575BDAC2B6660C700BF0C0D /* Preview Assets.xcassets */ = {isa = PBXFileReference; lastKnownFileType = folder.assetcatalog; path = "Preview Assets.xcassets"; sourceTree = "<group>"; };
		6575BDB22B6660C700BF0C0D /* LandmarksTests.xctest */ = {isa = PBXFileReference; explicitFileType = wrapper.cfbundle; includeInIndex = 0; path = LandmarksTests.xctest; sourceTree = BUILT_PRODUCTS_DIR; };
		6575BDB62B6660C700BF0C0D /* LandmarksTests.swift */ = {isa = PBXFileReference; lastKnownFileType = sourcecode.swift; path = LandmarksTests.swift; sourceTree = "<group>"; };
		6575BDBC2B6660C700BF0C0D /* LandmarksUITests.xctest */ = {isa = PBXFileReference; explicitFileType = wrapper.cfbundle; includeInIndex = 0; path = LandmarksUITests.xctest; sourceTree = BUILT_PRODUCTS_DIR; };
		6575BDC02B6660C700BF0C0D /* LandmarksUITests.swift */ = {isa = PBXFileReference; lastKnownFileType = sourcecode.swift; path = LandmarksUITests.swift; sourceTree = "<group>"; };
		6575BDC22B6660C700BF0C0D /* LandmarksUITestsLaunchTests.swift */ = {isa = PBXFileReference; lastKnownFileType = sourcecode.swift; path = LandmarksUITestsLaunchTests.swift; sourceTree = "<group>"; };
		6575BDCF2B6667DE00BF0C0D /* CircleImage.swift */ = {isa = PBXFileReference; lastKnownFileType = sourcecode.swift; path = CircleImage.swift; sourceTree = "<group>"; };
		6575BDD12B6668C600BF0C0D /* MapView.swift */ = {isa = PBXFileReference; lastKnownFileType = sourcecode.swift; path = MapView.swift; sourceTree = "<group>"; };
		6575BDD32B6672E200BF0C0D /* Landmark.swift */ = {isa = PBXFileReference; lastKnownFileType = sourcecode.swift; path = Landmark.swift; sourceTree = "<group>"; };
		6575BDD52B6673BC00BF0C0D /* landmarkData.json */ = {isa = PBXFileReference; fileEncoding = 4; lastKnownFileType = text.json; path = landmarkData.json; sourceTree = "<group>"; };
		6575BDD72B66756300BF0C0D /* ModelData.swift */ = {isa = PBXFileReference; lastKnownFileType = sourcecode.swift; path = ModelData.swift; sourceTree = "<group>"; };
		6575BDDD2B66777700BF0C0D /* LandmarkRow.swift */ = {isa = PBXFileReference; lastKnownFileType = sourcecode.swift; path = LandmarkRow.swift; sourceTree = "<group>"; };
		6575BDDF2B66796500BF0C0D /* LandmarkList.swift */ = {isa = PBXFileReference; lastKnownFileType = sourcecode.swift; path = LandmarkList.swift; sourceTree = "<group>"; };
		6575BDE12B667AE700BF0C0D /* LandmarkDetail.swift */ = {isa = PBXFileReference; lastKnownFileType = sourcecode.swift; path = LandmarkDetail.swift; sourceTree = "<group>"; };
/* End PBXFileReference section */

/* Begin PBXFrameworksBuildPhase section */
		6575BD9F2B6660C500BF0C0D /* Frameworks */ = {
			isa = PBXFrameworksBuildPhase;
			buildActionMask = 2147483647;
			files = (
			);
			runOnlyForDeploymentPostprocessing = 0;
		};
		6575BDAF2B6660C700BF0C0D /* Frameworks */ = {
			isa = PBXFrameworksBuildPhase;
			buildActionMask = 2147483647;
			files = (
			);
			runOnlyForDeploymentPostprocessing = 0;
		};
		6575BDB92B6660C700BF0C0D /* Frameworks */ = {
			isa = PBXFrameworksBuildPhase;
			buildActionMask = 2147483647;
			files = (
			);
			runOnlyForDeploymentPostprocessing = 0;
		};
/* End PBXFrameworksBuildPhase section */

/* Begin PBXGroup section */
		65192FF62B66A2A800814C89 /* Helpers */ = {
			isa = PBXGroup;
			children = (
				6575BDCF2B6667DE00BF0C0D /* CircleImage.swift */,
				6575BDD12B6668C600BF0C0D /* MapView.swift */,
				65192FF42B66A20700814C89 /* FavoriteButton.swift */,
			);
			path = Helpers;
			sourceTree = "<group>";
		};
		65192FF72B66A2B700814C89 /* Landmarks */ = {
			isa = PBXGroup;
			children = (
				6575BDDD2B66777700BF0C0D /* LandmarkRow.swift */,
				6575BDDF2B66796500BF0C0D /* LandmarkList.swift */,
				6575BDE12B667AE700BF0C0D /* LandmarkDetail.swift */,
			);
			path = Landmarks;
			sourceTree = "<group>";
		};
		6575BD992B6660C500BF0C0D = {
			isa = PBXGroup;
			children = (
				6575BDA42B6660C500BF0C0D /* Landmarks */,
				6575BDB52B6660C700BF0C0D /* LandmarksTests */,
				6575BDBF2B6660C700BF0C0D /* LandmarksUITests */,
				6575BDA32B6660C500BF0C0D /* Products */,
			);
			sourceTree = "<group>";
		};
		6575BDA32B6660C500BF0C0D /* Products */ = {
			isa = PBXGroup;
			children = (
				6575BDA22B6660C500BF0C0D /* Landmarks.app */,
				6575BDB22B6660C700BF0C0D /* LandmarksTests.xctest */,
				6575BDBC2B6660C700BF0C0D /* LandmarksUITests.xctest */,
			);
			name = Products;
			sourceTree = "<group>";
		};
		6575BDA42B6660C500BF0C0D /* Landmarks */ = {
			isa = PBXGroup;
			children = (
				6575BDDB2B6676B000BF0C0D /* Resources */,
				6575BDA52B6660C500BF0C0D /* LandmarksApp.swift */,
				6575BDDA2B6676A300BF0C0D /* Views */,
				6575BDDC2B6676BD00BF0C0D /* Model */,
				6575BDA92B6660C700BF0C0D /* Assets.xcassets */,
				6575BDAB2B6660C700BF0C0D /* Preview Content */,
			);
			path = Landmarks;
			sourceTree = "<group>";
		};
		6575BDAB2B6660C700BF0C0D /* Preview Content */ = {
			isa = PBXGroup;
			children = (
				6575BDAC2B6660C700BF0C0D /* Preview Assets.xcassets */,
			);
			path = "Preview Content";
			sourceTree = "<group>";
		};
		6575BDB52B6660C700BF0C0D /* LandmarksTests */ = {
			isa = PBXGroup;
			children = (
				6575BDB62B6660C700BF0C0D /* LandmarksTests.swift */,
			);
			path = LandmarksTests;
			sourceTree = "<group>";
		};
		6575BDBF2B6660C700BF0C0D /* LandmarksUITests */ = {
			isa = PBXGroup;
			children = (
				6575BDC02B6660C700BF0C0D /* LandmarksUITests.swift */,
				6575BDC22B6660C700BF0C0D /* LandmarksUITestsLaunchTests.swift */,
			);
			path = LandmarksUITests;
			sourceTree = "<group>";
		};
		6575BDDA2B6676A300BF0C0D /* Views */ = {
			isa = PBXGroup;
			children = (
				6575BDA72B6660C500BF0C0D /* ContentView.swift */,
				65192FF62B66A2A800814C89 /* Helpers */,
				65192FF72B66A2B700814C89 /* Landmarks */,
			);
			path = Views;
			sourceTree = "<group>";
		};
		6575BDDB2B6676B000BF0C0D /* Resources */ = {
			isa = PBXGroup;
			children = (
				6575BDD52B6673BC00BF0C0D /* landmarkData.json */,
			);
			path = Resources;
			sourceTree = "<group>";
		};
		6575BDDC2B6676BD00BF0C0D /* Model */ = {
			isa = PBXGroup;
			children = (
				6575BDD32B6672E200BF0C0D /* Landmark.swift */,
				6575BDD72B66756300BF0C0D /* ModelData.swift */,
			);
			path = Model;
			sourceTree = "<group>";
		};
/* End PBXGroup section */

/* Begin PBXNativeTarget section */
		6575BDA12B6660C500BF0C0D /* Landmarks */ = {
			isa = PBXNativeTarget;
			buildConfigurationList = 6575BDC62B6660C700BF0C0D /* Build configuration list for PBXNativeTarget "Landmarks" */;
			buildPhases = (
				6575BD9E2B6660C500BF0C0D /* Sources */,
				6575BD9F2B6660C500BF0C0D /* Frameworks */,
				6575BDA02B6660C500BF0C0D /* Resources */,
			);
			buildRules = (
			);
			dependencies = (
			);
			name = Landmarks;
			productName = Landmarks;
			productReference = 6575BDA22B6660C500BF0C0D /* Landmarks.app */;
			productType = "com.apple.product-type.application";
		};
		6575BDB12B6660C700BF0C0D /* LandmarksTests */ = {
			isa = PBXNativeTarget;
			buildConfigurationList = 6575BDC92B6660C700BF0C0D /* Build configuration list for PBXNativeTarget "LandmarksTests" */;
			buildPhases = (
				6575BDAE2B6660C700BF0C0D /* Sources */,
				6575BDAF2B6660C700BF0C0D /* Frameworks */,
				6575BDB02B6660C700BF0C0D /* Resources */,
			);
			buildRules = (
			);
			dependencies = (
				6575BDB42B6660C700BF0C0D /* PBXTargetDependency */,
			);
			name = LandmarksTests;
			productName = LandmarksTests;
			productReference = 6575BDB22B6660C700BF0C0D /* LandmarksTests.xctest */;
			productType = "com.apple.product-type.bundle.unit-test";
		};
		6575BDBB2B6660C700BF0C0D /* LandmarksUITests */ = {
			isa = PBXNativeTarget;
			buildConfigurationList = 6575BDCC2B6660C700BF0C0D /* Build configuration list for PBXNativeTarget "LandmarksUITests" */;
			buildPhases = (
				6575BDB82B6660C700BF0C0D /* Sources */,
				6575BDB92B6660C700BF0C0D /* Frameworks */,
				6575BDBA2B6660C700BF0C0D /* Resources */,
			);
			buildRules = (
			);
			dependencies = (
				6575BDBE2B6660C700BF0C0D /* PBXTargetDependency */,
			);
			name = LandmarksUITests;
			productName = LandmarksUITests;
			productReference = 6575BDBC2B6660C700BF0C0D /* LandmarksUITests.xctest */;
			productType = "com.apple.product-type.bundle.ui-testing";
		};
/* End PBXNativeTarget section */

/* Begin PBXProject section */
		6575BD9A2B6660C500BF0C0D /* Project object */ = {
			isa = PBXProject;
			attributes = {
				BuildIndependentTargetsInParallel = 1;
				LastSwiftUpdateCheck = 1520;
				LastUpgradeCheck = 1520;
				TargetAttributes = {
					6575BDA12B6660C500BF0C0D = {
						CreatedOnToolsVersion = 15.2;
					};
					6575BDB12B6660C700BF0C0D = {
						CreatedOnToolsVersion = 15.2;
						TestTargetID = 6575BDA12B6660C500BF0C0D;
					};
					6575BDBB2B6660C700BF0C0D = {
						CreatedOnToolsVersion = 15.2;
						TestTargetID = 6575BDA12B6660C500BF0C0D;
					};
				};
			};
			buildConfigurationList = 6575BD9D2B6660C500BF0C0D /* Build configuration list for PBXProject "Landmarks" */;
			compatibilityVersion = "Xcode 14.0";
			developmentRegion = en;
			hasScannedForEncodings = 0;
			knownRegions = (
				en,
				Base,
			);
			mainGroup = 6575BD992B6660C500BF0C0D;
			productRefGroup = 6575BDA32B6660C500BF0C0D /* Products */;
			projectDirPath = "";
			projectRoot = "";
			targets = (
				6575BDA12B6660C500BF0C0D /* Landmarks */,
				6575BDB12B6660C700BF0C0D /* LandmarksTests */,
				6575BDBB2B6660C700BF0C0D /* LandmarksUITests */,
			);
		};
/* End PBXProject section */

/* Begin PBXResourcesBuildPhase section */
		6575BDA02B6660C500BF0C0D /* Resources */ = {
			isa = PBXResourcesBuildPhase;
			buildActionMask = 2147483647;
			files = (
				6575BDAD2B6660C700BF0C0D /* Preview Assets.xcassets in Resources */,
				6575BDAA2B6660C700BF0C0D /* Assets.xcassets in Resources */,
				6575BDD62B6673BC00BF0C0D /* landmarkData.json in Resources */,
			);
			runOnlyForDeploymentPostprocessing = 0;
		};
		6575BDB02B6660C700BF0C0D /* Resources */ = {
			isa = PBXResourcesBuildPhase;
			buildActionMask = 2147483647;
			files = (
			);
			runOnlyForDeploymentPostprocessing = 0;
		};
		6575BDBA2B6660C700BF0C0D /* Resources */ = {
			isa = PBXResourcesBuildPhase;
			buildActionMask = 2147483647;
			files = (
			);
			runOnlyForDeploymentPostprocessing = 0;
		};
/* End PBXResourcesBuildPhase section */

/* Begin PBXSourcesBuildPhase section */
		6575BD9E2B6660C500BF0C0D /* Sources */ = {
			isa = PBXSourcesBuildPhase;
			buildActionMask = 2147483647;
			files = (
				6575BDA82B6660C500BF0C0D /* ContentView.swift in Sources */,
				6575BDD82B66756300BF0C0D /* ModelData.swift in Sources */,
				6575BDD22B6668C600BF0C0D /* MapView.swift in Sources */,
				65192FF52B66A20700814C89 /* FavoriteButton.swift in Sources */,
				6575BDE02B66796500BF0C0D /* LandmarkList.swift in Sources */,
				6575BDE22B667AE700BF0C0D /* LandmarkDetail.swift in Sources */,
				6575BDA62B6660C500BF0C0D /* LandmarksApp.swift in Sources */,
				6575BDD02B6667DE00BF0C0D /* CircleImage.swift in Sources */,
				6575BDDE2B66777700BF0C0D /* LandmarkRow.swift in Sources */,
				6575BDD42B6672E200BF0C0D /* Landmark.swift in Sources */,
			);
			runOnlyForDeploymentPostprocessing = 0;
		};
		6575BDAE2B6660C700BF0C0D /* Sources */ = {
			isa = PBXSourcesBuildPhase;
			buildActionMask = 2147483647;
			files = (
				6575BDB72B6660C700BF0C0D /* LandmarksTests.swift in Sources */,
			);
			runOnlyForDeploymentPostprocessing = 0;
		};
		6575BDB82B6660C700BF0C0D /* Sources */ = {
			isa = PBXSourcesBuildPhase;
			buildActionMask = 2147483647;
			files = (
				6575BDC32B6660C700BF0C0D /* LandmarksUITestsLaunchTests.swift in Sources */,
				6575BDC12B6660C700BF0C0D /* LandmarksUITests.swift in Sources */,
			);
			runOnlyForDeploymentPostprocessing = 0;
		};
/* End PBXSourcesBuildPhase section */

/* Begin PBXTargetDependency section */
		6575BDB42B6660C700BF0C0D /* PBXTargetDependency */ = {
			isa = PBXTargetDependency;
			target = 6575BDA12B6660C500BF0C0D /* Landmarks */;
			targetProxy = 6575BDB32B6660C700BF0C0D /* PBXContainerItemProxy */;
		};
		6575BDBE2B6660C700BF0C0D /* PBXTargetDependency */ = {
			isa = PBXTargetDependency;
			target = 6575BDA12B6660C500BF0C0D /* Landmarks */;
			targetProxy = 6575BDBD2B6660C700BF0C0D /* PBXContainerItemProxy */;
		};
/* End PBXTargetDependency section */

/* Begin XCBuildConfiguration section */
		6575BDC42B6660C700BF0C0D /* Debug */ = {
			isa = XCBuildConfiguration;
			buildSettings = {
				ALWAYS_SEARCH_USER_PATHS = NO;
				ASSETCATALOG_COMPILER_GENERATE_SWIFT_ASSET_SYMBOL_EXTENSIONS = YES;
				CLANG_ANALYZER_NONNULL = YES;
				CLANG_ANALYZER_NUMBER_OBJECT_CONVERSION = YES_AGGRESSIVE;
				CLANG_CXX_LANGUAGE_STANDARD = "gnu++20";
				CLANG_ENABLE_MODULES = YES;
				CLANG_ENABLE_OBJC_ARC = YES;
				CLANG_ENABLE_OBJC_WEAK = YES;
				CLANG_WARN_BLOCK_CAPTURE_AUTORELEASING = YES;
				CLANG_WARN_BOOL_CONVERSION = YES;
				CLANG_WARN_COMMA = YES;
				CLANG_WARN_CONSTANT_CONVERSION = YES;
				CLANG_WARN_DEPRECATED_OBJC_IMPLEMENTATIONS = YES;
				CLANG_WARN_DIRECT_OBJC_ISA_USAGE = YES_ERROR;
				CLANG_WARN_DOCUMENTATION_COMMENTS = YES;
				CLANG_WARN_EMPTY_BODY = YES;
				CLANG_WARN_ENUM_CONVERSION = YES;
				CLANG_WARN_INFINITE_RECURSION = YES;
				CLANG_WARN_INT_CONVERSION = YES;
				CLANG_WARN_NON_LITERAL_NULL_CONVERSION = YES;
				CLANG_WARN_OBJC_IMPLICIT_RETAIN_SELF = YES;
				CLANG_WARN_OBJC_LITERAL_CONVERSION = YES;
				CLANG_WARN_OBJC_ROOT_CLASS = YES_ERROR;
				CLANG_WARN_QUOTED_INCLUDE_IN_FRAMEWORK_HEADER = YES;
				CLANG_WARN_RANGE_LOOP_ANALYSIS = YES;
				CLANG_WARN_STRICT_PROTOTYPES = YES;
				CLANG_WARN_SUSPICIOUS_MOVE = YES;
				CLANG_WARN_UNGUARDED_AVAILABILITY = YES_AGGRESSIVE;
				CLANG_WARN_UNREACHABLE_CODE = YES;
				CLANG_WARN__DUPLICATE_METHOD_MATCH = YES;
				COPY_PHASE_STRIP = NO;
				DEBUG_INFORMATION_FORMAT = dwarf;
				ENABLE_STRICT_OBJC_MSGSEND = YES;
				ENABLE_TESTABILITY = YES;
				ENABLE_USER_SCRIPT_SANDBOXING = YES;
				GCC_C_LANGUAGE_STANDARD = gnu17;
				GCC_DYNAMIC_NO_PIC = NO;
				GCC_NO_COMMON_BLOCKS = YES;
				GCC_OPTIMIZATION_LEVEL = 0;
				GCC_PREPROCESSOR_DEFINITIONS = (
					"DEBUG=1",
					"$(inherited)",
				);
				GCC_WARN_64_TO_32_BIT_CONVERSION = YES;
				GCC_WARN_ABOUT_RETURN_TYPE = YES_ERROR;
				GCC_WARN_UNDECLARED_SELECTOR = YES;
				GCC_WARN_UNINITIALIZED_AUTOS = YES_AGGRESSIVE;
				GCC_WARN_UNUSED_FUNCTION = YES;
				GCC_WARN_UNUSED_VARIABLE = YES;
				IPHONEOS_DEPLOYMENT_TARGET = 17.2;
				LOCALIZATION_PREFERS_STRING_CATALOGS = YES;
				MTL_ENABLE_DEBUG_INFO = INCLUDE_SOURCE;
				MTL_FAST_MATH = YES;
				ONLY_ACTIVE_ARCH = YES;
				SDKROOT = iphoneos;
				SWIFT_ACTIVE_COMPILATION_CONDITIONS = "DEBUG $(inherited)";
				SWIFT_OPTIMIZATION_LEVEL = "-Onone";
			};
			name = Debug;
		};
		6575BDC52B6660C700BF0C0D /* Release */ = {
			isa = XCBuildConfiguration;
			buildSettings = {
				ALWAYS_SEARCH_USER_PATHS = NO;
				ASSETCATALOG_COMPILER_GENERATE_SWIFT_ASSET_SYMBOL_EXTENSIONS = YES;
				CLANG_ANALYZER_NONNULL = YES;
				CLANG_ANALYZER_NUMBER_OBJECT_CONVERSION = YES_AGGRESSIVE;
				CLANG_CXX_LANGUAGE_STANDARD = "gnu++20";
				CLANG_ENABLE_MODULES = YES;
				CLANG_ENABLE_OBJC_ARC = YES;
				CLANG_ENABLE_OBJC_WEAK = YES;
				CLANG_WARN_BLOCK_CAPTURE_AUTORELEASING = YES;
				CLANG_WARN_BOOL_CONVERSION = YES;
				CLANG_WARN_COMMA = YES;
				CLANG_WARN_CONSTANT_CONVERSION = YES;
				CLANG_WARN_DEPRECATED_OBJC_IMPLEMENTATIONS = YES;
				CLANG_WARN_DIRECT_OBJC_ISA_USAGE = YES_ERROR;
				CLANG_WARN_DOCUMENTATION_COMMENTS = YES;
				CLANG_WARN_EMPTY_BODY = YES;
				CLANG_WARN_ENUM_CONVERSION = YES;
				CLANG_WARN_INFINITE_RECURSION = YES;
				CLANG_WARN_INT_CONVERSION = YES;
				CLANG_WARN_NON_LITERAL_NULL_CONVERSION = YES;
				CLANG_WARN_OBJC_IMPLICIT_RETAIN_SELF = YES;
				CLANG_WARN_OBJC_LITERAL_CONVERSION = YES;
				CLANG_WARN_OBJC_ROOT_CLASS = YES_ERROR;
				CLANG_WARN_QUOTED_INCLUDE_IN_FRAMEWORK_HEADER = YES;
				CLANG_WARN_RANGE_LOOP_ANALYSIS = YES;
				CLANG_WARN_STRICT_PROTOTYPES = YES;
				CLANG_WARN_SUSPICIOUS_MOVE = YES;
				CLANG_WARN_UNGUARDED_AVAILABILITY = YES_AGGRESSIVE;
				CLANG_WARN_UNREACHABLE_CODE = YES;
				CLANG_WARN__DUPLICATE_METHOD_MATCH = YES;
				COPY_PHASE_STRIP = NO;
				DEBUG_INFORMATION_FORMAT = "dwarf-with-dsym";
				ENABLE_NS_ASSERTIONS = NO;
				ENABLE_STRICT_OBJC_MSGSEND = YES;
				ENABLE_USER_SCRIPT_SANDBOXING = YES;
				GCC_C_LANGUAGE_STANDARD = gnu17;
				GCC_NO_COMMON_BLOCKS = YES;
				GCC_WARN_64_TO_32_BIT_CONVERSION = YES;
				GCC_WARN_ABOUT_RETURN_TYPE = YES_ERROR;
				GCC_WARN_UNDECLARED_SELECTOR = YES;
				GCC_WARN_UNINITIALIZED_AUTOS = YES_AGGRESSIVE;
				GCC_WARN_UNUSED_FUNCTION = YES;
				GCC_WARN_UNUSED_VARIABLE = YES;
				IPHONEOS_DEPLOYMENT_TARGET = 17.2;
				LOCALIZATION_PREFERS_STRING_CATALOGS = YES;
				MTL_ENABLE_DEBUG_INFO = NO;
				MTL_FAST_MATH = YES;
				SDKROOT = iphoneos;
				SWIFT_COMPILATION_MODE = wholemodule;
				VALIDATE_PRODUCT = YES;
			};
			name = Release;
		};
		6575BDC72B6660C700BF0C0D /* Debug */ = {
			isa = XCBuildConfiguration;
			buildSettings = {
				ASSETCATALOG_COMPILER_APPICON_NAME = AppIcon;
				ASSETCATALOG_COMPILER_GLOBAL_ACCENT_COLOR_NAME = AccentColor;
				CODE_SIGN_STYLE = Automatic;
				CURRENT_PROJECT_VERSION = 1;
				DEVELOPMENT_ASSET_PATHS = "\"Landmarks/Preview Content\"";
				DEVELOPMENT_TEAM = NK833WT59C;
				ENABLE_PREVIEWS = YES;
				GENERATE_INFOPLIST_FILE = YES;
				INFOPLIST_KEY_UIApplicationSceneManifest_Generation = YES;
				INFOPLIST_KEY_UIApplicationSupportsIndirectInputEvents = YES;
				INFOPLIST_KEY_UILaunchScreen_Generation = YES;
				INFOPLIST_KEY_UISupportedInterfaceOrientations_iPad = "UIInterfaceOrientationPortrait UIInterfaceOrientationPortraitUpsideDown UIInterfaceOrientationLandscapeLeft UIInterfaceOrientationLandscapeRight";
				INFOPLIST_KEY_UISupportedInterfaceOrientations_iPhone = "UIInterfaceOrientationPortrait UIInterfaceOrientationLandscapeLeft UIInterfaceOrientationLandscapeRight";
				LD_RUNPATH_SEARCH_PATHS = (
					"$(inherited)",
					"@executable_path/Frameworks",
				);
				MARKETING_VERSION = 1.0;
				PRODUCT_BUNDLE_IDENTIFIER = com.daniel.Landmarks;
				PRODUCT_NAME = "$(TARGET_NAME)";
				SWIFT_EMIT_LOC_STRINGS = YES;
				SWIFT_VERSION = 5.0;
				TARGETED_DEVICE_FAMILY = "1,2";
			};
			name = Debug;
		};
		6575BDC82B6660C700BF0C0D /* Release */ = {
			isa = XCBuildConfiguration;
			buildSettings = {
				ASSETCATALOG_COMPILER_APPICON_NAME = AppIcon;
				ASSETCATALOG_COMPILER_GLOBAL_ACCENT_COLOR_NAME = AccentColor;
				CODE_SIGN_STYLE = Automatic;
				CURRENT_PROJECT_VERSION = 1;
				DEVELOPMENT_ASSET_PATHS = "\"Landmarks/Preview Content\"";
				DEVELOPMENT_TEAM = NK833WT59C;
				ENABLE_PREVIEWS = YES;
				GENERATE_INFOPLIST_FILE = YES;
				INFOPLIST_KEY_UIApplicationSceneManifest_Generation = YES;
				INFOPLIST_KEY_UIApplicationSupportsIndirectInputEvents = YES;
				INFOPLIST_KEY_UILaunchScreen_Generation = YES;
				INFOPLIST_KEY_UISupportedInterfaceOrientations_iPad = "UIInterfaceOrientationPortrait UIInterfaceOrientationPortraitUpsideDown UIInterfaceOrientationLandscapeLeft UIInterfaceOrientationLandscapeRight";
				INFOPLIST_KEY_UISupportedInterfaceOrientations_iPhone = "UIInterfaceOrientationPortrait UIInterfaceOrientationLandscapeLeft UIInterfaceOrientationLandscapeRight";
				LD_RUNPATH_SEARCH_PATHS = (
					"$(inherited)",
					"@executable_path/Frameworks",
				);
				MARKETING_VERSION = 1.0;
				PRODUCT_BUNDLE_IDENTIFIER = com.daniel.Landmarks;
				PRODUCT_NAME = "$(TARGET_NAME)";
				SWIFT_EMIT_LOC_STRINGS = YES;
				SWIFT_VERSION = 5.0;
				TARGETED_DEVICE_FAMILY = "1,2";
			};
			name = Release;
		};
		6575BDCA2B6660C700BF0C0D /* Debug */ = {
			isa = XCBuildConfiguration;
			buildSettings = {
				ALWAYS_EMBED_SWIFT_STANDARD_LIBRARIES = YES;
				BUNDLE_LOADER = "$(TEST_HOST)";
				CODE_SIGN_STYLE = Automatic;
				CURRENT_PROJECT_VERSION = 1;
				DEVELOPMENT_TEAM = NK833WT59C;
				GENERATE_INFOPLIST_FILE = YES;
				IPHONEOS_DEPLOYMENT_TARGET = 17.2;
				MARKETING_VERSION = 1.0;
				PRODUCT_BUNDLE_IDENTIFIER = com.daniel.LandmarksTests;
				PRODUCT_NAME = "$(TARGET_NAME)";
				SWIFT_EMIT_LOC_STRINGS = NO;
				SWIFT_VERSION = 5.0;
				TARGETED_DEVICE_FAMILY = "1,2";
				TEST_HOST = "$(BUILT_PRODUCTS_DIR)/Landmarks.app/$(BUNDLE_EXECUTABLE_FOLDER_PATH)/Landmarks";
			};
			name = Debug;
		};
		6575BDCB2B6660C700BF0C0D /* Release */ = {
			isa = XCBuildConfiguration;
			buildSettings = {
				ALWAYS_EMBED_SWIFT_STANDARD_LIBRARIES = YES;
				BUNDLE_LOADER = "$(TEST_HOST)";
				CODE_SIGN_STYLE = Automatic;
				CURRENT_PROJECT_VERSION = 1;
				DEVELOPMENT_TEAM = NK833WT59C;
				GENERATE_INFOPLIST_FILE = YES;
				IPHONEOS_DEPLOYMENT_TARGET = 17.2;
				MARKETING_VERSION = 1.0;
				PRODUCT_BUNDLE_IDENTIFIER = com.daniel.LandmarksTests;
				PRODUCT_NAME = "$(TARGET_NAME)";
				SWIFT_EMIT_LOC_STRINGS = NO;
				SWIFT_VERSION = 5.0;
				TARGETED_DEVICE_FAMILY = "1,2";
				TEST_HOST = "$(BUILT_PRODUCTS_DIR)/Landmarks.app/$(BUNDLE_EXECUTABLE_FOLDER_PATH)/Landmarks";
			};
			name = Release;
		};
		6575BDCD2B6660C700BF0C0D /* Debug */ = {
			isa = XCBuildConfiguration;
			buildSettings = {
				ALWAYS_EMBED_SWIFT_STANDARD_LIBRARIES = YES;
				CODE_SIGN_STYLE = Automatic;
				CURRENT_PROJECT_VERSION = 1;
				DEVELOPMENT_TEAM = NK833WT59C;
				GENERATE_INFOPLIST_FILE = YES;
				MARKETING_VERSION = 1.0;
				PRODUCT_BUNDLE_IDENTIFIER = com.daniel.LandmarksUITests;
				PRODUCT_NAME = "$(TARGET_NAME)";
				SWIFT_EMIT_LOC_STRINGS = NO;
				SWIFT_VERSION = 5.0;
				TARGETED_DEVICE_FAMILY = "1,2";
				TEST_TARGET_NAME = Landmarks;
			};
			name = Debug;
		};
		6575BDCE2B6660C700BF0C0D /* Release */ = {
			isa = XCBuildConfiguration;
			buildSettings = {
				ALWAYS_EMBED_SWIFT_STANDARD_LIBRARIES = YES;
				CODE_SIGN_STYLE = Automatic;
				CURRENT_PROJECT_VERSION = 1;
				DEVELOPMENT_TEAM = NK833WT59C;
				GENERATE_INFOPLIST_FILE = YES;
				MARKETING_VERSION = 1.0;
				PRODUCT_BUNDLE_IDENTIFIER = com.daniel.LandmarksUITests;
				PRODUCT_NAME = "$(TARGET_NAME)";
				SWIFT_EMIT_LOC_STRINGS = NO;
				SWIFT_VERSION = 5.0;
				TARGETED_DEVICE_FAMILY = "1,2";
				TEST_TARGET_NAME = Landmarks;
			};
			name = Release;
		};
/* End XCBuildConfiguration section */

/* Begin XCConfigurationList section */
		6575BD9D2B6660C500BF0C0D /* Build configuration list for PBXProject "Landmarks" */ = {
			isa = XCConfigurationList;
			buildConfigurations = (
				6575BDC42B6660C700BF0C0D /* Debug */,
				6575BDC52B6660C700BF0C0D /* Release */,
			);
			defaultConfigurationIsVisible = 0;
			defaultConfigurationName = Release;
		};
		6575BDC62B6660C700BF0C0D /* Build configuration list for PBXNativeTarget "Landmarks" */ = {
			isa = XCConfigurationList;
			buildConfigurations = (
				6575BDC72B6660C700BF0C0D /* Debug */,
				6575BDC82B6660C700BF0C0D /* Release */,
			);
			defaultConfigurationIsVisible = 0;
			defaultConfigurationName = Release;
		};
		6575BDC92B6660C700BF0C0D /* Build configuration list for PBXNativeTarget "LandmarksTests" */ = {
			isa = XCConfigurationList;
			buildConfigurations = (
				6575BDCA2B6660C700BF0C0D /* Debug */,
				6575BDCB2B6660C700BF0C0D /* Release */,
			);
			defaultConfigurationIsVisible = 0;
			defaultConfigurationName = Release;
		};
		6575BDCC2B6660C700BF0C0D /* Build configuration list for PBXNativeTarget "LandmarksUITests" */ = {
			isa = XCConfigurationList;
			buildConfigurations = (
				6575BDCD2B6660C700BF0C0D /* Debug */,
				6575BDCE2B6660C700BF0C0D /* Release */,
			);
			defaultConfigurationIsVisible = 0;
			defaultConfigurationName = Release;
		};
/* End XCConfigurationList section */
	};
	rootObject = 6575BD9A2B6660C500BF0C0D /* Project object */;
}
